
Microsoft Visual Studio Solution File, Format Version 12.00
# Visual Studio 2013
VisualStudioVersion = 12.0.40629.0
MinimumVisualStudioVersion = 10.0.40219.1
Project("{8BC9CEB8-8B4A-11D0-8D11-00A0C91BC942}") = "MetaMod-C", "MetaMod-C\MetaMod-C.vcxproj", "{D12A7A6A-6308-493E-900E-035B31EC3729}"
EndProject
Global
	GlobalSection(SolutionConfigurationPlatforms) = preSolution
		Debug|Win32 = Debug|Win32
		Release|Win32 = Release|Win32
	EndGlobalSection
	GlobalSection(ProjectConfigurationPlatforms) = postSolution
		{D12A7A6A-6308-493E-900E-035B31EC3729}.Debug|Win32.ActiveCfg = Release|Win32
		{D12A7A6A-6308-493E-900E-035B31EC3729}.Debug|Win32.Build.0 = Release|Win32
		{D12A7A6A-6308-493E-900E-035B31EC3729}.Release|Win32.ActiveCfg = Release|Win32
		{D12A7A6A-6308-493E-900E-035B31EC3729}.Release|Win32.Build.0 = Release|Win32
	EndGlobalSection
	GlobalSection(SolutionProperties) = preSolution
		HideSolutionNode = FALSE
	EndGlobalSection
	GlobalSection(ExtensibilityGlobals) = postSolution
		SolutionGuid = {73F194C3-3D61-4732-BE08-344AB6F74122}
	EndGlobalSection
EndGlobal
